
Microsoft Visual Studio Solution File, Format Version 12.00
# Visual Studio Version 16
VisualStudioVersion = 16.0.30907.101
MinimumVisualStudioVersion = 10.0.40219.1
Project("{FAE04EC0-301F-11D3-BF4B-00C04F79EFBC}") = "CSharpEffects", "CSharpEffects\CSharpEffects.csproj", "{EEB0537B-14CA-48DA-BF33-F93DE1AED3CF}"
EndProject
Project("{FAE04EC0-301F-11D3-BF4B-00C04F79EFBC}") = "CSharpEffects.Tests", "CSharpEffects.Tests\CSharpEffects.Tests.csproj", "{97ED19C5-5434-4DA5-A8BA-2B80573B80B3}"
EndProject
Global
	GlobalSection(SolutionConfigurationPlatforms) = preSolution
		Debug|Any CPU = Debug|Any CPU
		Release|Any CPU = Release|Any CPU
	EndGlobalSection
	GlobalSection(ProjectConfigurationPlatforms) = postSolution
		{EEB0537B-14CA-48DA-BF33-F93DE1AED3CF}.Debug|Any CPU.ActiveCfg = Debug|Any CPU
		{EEB0537B-14CA-48DA-BF33-F93DE1AED3CF}.Debug|Any CPU.Build.0 = Debug|Any CPU
		{EEB0537B-14CA-48DA-BF33-F93DE1AED3CF}.Release|Any CPU.ActiveCfg = Release|Any CPU
		{EEB0537B-14CA-48DA-BF33-F93DE1AED3CF}.Release|Any CPU.Build.0 = Release|Any CPU
		{97ED19C5-5434-4DA5-A8BA-2B80573B80B3}.Debug|Any CPU.ActiveCfg = Debug|Any CPU
		{97ED19C5-5434-4DA5-A8BA-2B80573B80B3}.Debug|Any CPU.Build.0 = Debug|Any CPU
		{97ED19C5-5434-4DA5-A8BA-2B80573B80B3}.Release|Any CPU.ActiveCfg = Release|Any CPU
		{97ED19C5-5434-4DA5-A8BA-2B80573B80B3}.Release|Any CPU.Build.0 = Release|Any CPU
	EndGlobalSection
	GlobalSection(SolutionProperties) = preSolution
		HideSolutionNode = FALSE
	EndGlobalSection
	GlobalSection(ExtensibilityGlobals) = postSolution
		SolutionGuid = {8D42AAB1-C642-4DE9-B732-4A19C4BC3D17}
	EndGlobalSection
EndGlobal
